// !$*UTF8*$!
{
	archiveVersion = 1;
	classes = {
	};
	objectVersion = 77;
	objects = {

/* Begin PBXContainerItemProxy section */
		9FABE4862D57E08400EF552D /* PBXContainerItemProxy */ = {
			isa = PBXContainerItemProxy;
			containerPortal = 9FABE46D2D57E08100EF552D /* Project object */;
			proxyType = 1;
			remoteGlobalIDString = 9FABE4742D57E08100EF552D;
			remoteInfo = PrimeFinderApp;
		};
		9FABE4902D57E08400EF552D /* PBXContainerItemProxy */ = {
			isa = PBXContainerItemProxy;
			containerPortal = 9FABE46D2D57E08100EF552D /* Project object */;
			proxyType = 1;
			remoteGlobalIDString = 9FABE4742D57E08100EF552D;
			remoteInfo = PrimeFinderApp;
		};
/* End PBXContainerItemProxy section */

/* Begin PBXFileReference section */
		9FABE4752D57E08100EF552D /* PrimeFinderApp.app */ = {isa = PBXFileReference; explicitFileType = wrapper.application; includeInIndex = 0; path = PrimeFinderApp.app; sourceTree = BUILT_PRODUCTS_DIR; };
		9FABE4852D57E08400EF552D /* PrimeFinderAppTests.xctest */ = {isa = PBXFileReference; explicitFileType = wrapper.cfbundle; includeInIndex = 0; path = PrimeFinderAppTests.xctest; sourceTree = BUILT_PRODUCTS_DIR; };
		9FABE48F2D57E08400EF552D /* PrimeFinderAppUITests.xctest */ = {isa = PBXFileReference; explicitFileType = wrapper.cfbundle; includeInIndex = 0; path = PrimeFinderAppUITests.xctest; sourceTree = BUILT_PRODUCTS_DIR; };
/* End PBXFileReference section */

/* Begin PBXFileSystemSynchronizedBuildFileExceptionSet section */
		9F97CF5E2D5C1A1900A5E4EC /* Exceptions for "PrimeFinderApp" folder in "PrimeFinderApp" target */ = {
			isa = PBXFileSystemSynchronizedBuildFileExceptionSet;
			membershipExceptions = (
				Info.plist,
			);
			target = 9FABE4742D57E08100EF552D /* PrimeFinderApp */;
		};
/* End PBXFileSystemSynchronizedBuildFileExceptionSet section */

/* Begin PBXFileSystemSynchronizedRootGroup section */
		9FABE4772D57E08100EF552D /* PrimeFinderApp */ = {
			isa = PBXFileSystemSynchronizedRootGroup;
			exceptions = (
				9F97CF5E2D5C1A1900A5E4EC /* Exceptions for "PrimeFinderApp" folder in "PrimeFinderApp" target */,
			);
			path = PrimeFinderApp;
			sourceTree = "<group>";
		};
		9FABE4882D57E08400EF552D /* PrimeFinderAppTests */ = {
			isa = PBXFileSystemSynchronizedRootGroup;
			path = PrimeFinderAppTests;
			sourceTree = "<group>";
		};
		9FABE4922D57E08400EF552D /* PrimeFinderAppUITests */ = {
			isa = PBXFileSystemSynchronizedRootGroup;
			path = PrimeFinderAppUITests;
			sourceTree = "<group>";
		};
/* End PBXFileSystemSynchronizedRootGroup section */

/* Begin PBXFrameworksBuildPhase section */
		9FABE4722D57E08100EF552D /* Frameworks */ = {
			isa = PBXFrameworksBuildPhase;
			buildActionMask = 2147483647;
			files = (
			);
			runOnlyForDeploymentPostprocessing = 0;
		};
		9FABE4822D57E08400EF552D /* Frameworks */ = {
			isa = PBXFrameworksBuildPhase;
			buildActionMask = 2147483647;
			files = (
			);
			runOnlyForDeploymentPostprocessing = 0;
		};
		9FABE48C2D57E08400EF552D /* Frameworks */ = {
			isa = PBXFrameworksBuildPhase;
			buildActionMask = 2147483647;
			files = (
			);
			runOnlyForDeploymentPostprocessing = 0;
		};
/* End PBXFrameworksBuildPhase section */

/* Begin PBXGroup section */
		9FABE46C2D57E08100EF552D = {
			isa = PBXGroup;
			children = (
				9FABE4772D57E08100EF552D /* PrimeFinderApp */,
				9FABE4882D57E08400EF552D /* PrimeFinderAppTests */,
				9FABE4922D57E08400EF552D /* PrimeFinderAppUITests */,
				9FABE4762D57E08100EF552D /* Products */,
			);
			sourceTree = "<group>";
		};
		9FABE4762D57E08100EF552D /* Products */ = {
			isa = PBXGroup;
			children = (
				9FABE4752D57E08100EF552D /* PrimeFinderApp.app */,
				9FABE4852D57E08400EF552D /* PrimeFinderAppTests.xctest */,
				9FABE48F2D57E08400EF552D /* PrimeFinderAppUITests.xctest */,
			);
			name = Products;
			sourceTree = "<group>";
		};
/* End PBXGroup section */

/* Begin PBXNativeTarget section */
		9FABE4742D57E08100EF552D /* PrimeFinderApp */ = {
			isa = PBXNativeTarget;
			buildConfigurationList = 9FABE4992D57E08400EF552D /* Build configuration list for PBXNativeTarget "PrimeFinderApp" */;
			buildPhases = (
				9FABE4712D57E08100EF552D /* Sources */,
				9FABE4722D57E08100EF552D /* Frameworks */,
				9FABE4732D57E08100EF552D /* Resources */,
			);
			buildRules = (
			);
			dependencies = (
			);
			fileSystemSynchronizedGroups = (
				9FABE4772D57E08100EF552D /* PrimeFinderApp */,
			);
			name = PrimeFinderApp;
			packageProductDependencies = (
			);
			productName = PrimeFinderApp;
			productReference = 9FABE4752D57E08100EF552D /* PrimeFinderApp.app */;
			productType = "com.apple.product-type.application";
		};
		9FABE4842D57E08400EF552D /* PrimeFinderAppTests */ = {
			isa = PBXNativeTarget;
			buildConfigurationList = 9FABE49C2D57E08400EF552D /* Build configuration list for PBXNativeTarget "PrimeFinderAppTests" */;
			buildPhases = (
				9FABE4812D57E08400EF552D /* Sources */,
				9FABE4822D57E08400EF552D /* Frameworks */,
				9FABE4832D57E08400EF552D /* Resources */,
			);
			buildRules = (
			);
			dependencies = (
				9FABE4872D57E08400EF552D /* PBXTargetDependency */,
			);
			fileSystemSynchronizedGroups = (
				9FABE4882D57E08400EF552D /* PrimeFinderAppTests */,
			);
			name = PrimeFinderAppTests;
			packageProductDependencies = (
			);
			productName = PrimeFinderAppTests;
			productReference = 9FABE4852D57E08400EF552D /* PrimeFinderAppTests.xctest */;
			productType = "com.apple.product-type.bundle.unit-test";
		};
		9FABE48E2D57E08400EF552D /* PrimeFinderAppUITests */ = {
			isa = PBXNativeTarget;
			buildConfigurationList = 9FABE49F2D57E08400EF552D /* Build configuration list for PBXNativeTarget "PrimeFinderAppUITests" */;
			buildPhases = (
				9FABE48B2D57E08400EF552D /* Sources */,
				9FABE48C2D57E08400EF552D /* Frameworks */,
				9FABE48D2D57E08400EF552D /* Resources */,
			);
			buildRules = (
			);
			dependencies = (
				9FABE4912D57E08400EF552D /* PBXTargetDependency */,
			);
			fileSystemSynchronizedGroups = (
				9FABE4922D57E08400EF552D /* PrimeFinderAppUITests */,
			);
			name = PrimeFinderAppUITests;
			packageProductDependencies = (
			);
			productName = PrimeFinderAppUITests;
			productReference = 9FABE48F2D57E08400EF552D /* PrimeFinderAppUITests.xctest */;
			productType = "com.apple.product-type.bundle.ui-testing";
		};
/* End PBXNativeTarget section */

/* Begin PBXProject section */
		9FABE46D2D57E08100EF552D /* Project object */ = {
			isa = PBXProject;
			attributes = {
				BuildIndependentTargetsInParallel = 1;
				LastSwiftUpdateCheck = 1620;
				LastUpgradeCheck = 1620;
				TargetAttributes = {
					9FABE4742D57E08100EF552D = {
						CreatedOnToolsVersion = 16.2;
					};
					9FABE4842D57E08400EF552D = {
						CreatedOnToolsVersion = 16.2;
						TestTargetID = 9FABE4742D57E08100EF552D;
					};
					9FABE48E2D57E08400EF552D = {
						CreatedOnToolsVersion = 16.2;
						TestTargetID = 9FABE4742D57E08100EF552D;
					};
				};
			};
			buildConfigurationList = 9FABE4702D57E08100EF552D /* Build configuration list for PBXProject "PrimeFinderApp" */;
			developmentRegion = en;
			hasScannedForEncodings = 0;
			knownRegions = (
				en,
				Base,
			);
			mainGroup = 9FABE46C2D57E08100EF552D;
			minimizedProjectReferenceProxies = 1;
			preferredProjectObjectVersion = 77;
			productRefGroup = 9FABE4762D57E08100EF552D /* Products */;
			projectDirPath = "";
			projectRoot = "";
			targets = (
				9FABE4742D57E08100EF552D /* PrimeFinderApp */,
				9FABE4842D57E08400EF552D /* PrimeFinderAppTests */,
				9FABE48E2D57E08400EF552D /* PrimeFinderAppUITests */,
			);
		};
/* End PBXProject section */

/* Begin PBXResourcesBuildPhase section */
		9FABE4732D57E08100EF552D /* Resources */ = {
			isa = PBXResourcesBuildPhase;
			buildActionMask = 2147483647;
			files = (
			);
			runOnlyForDeploymentPostprocessing = 0;
		};
		9FABE4832D57E08400EF552D /* Resources */ = {
			isa = PBXResourcesBuildPhase;
			buildActionMask = 2147483647;
			files = (
			);
			runOnlyForDeploymentPostprocessing = 0;
		};
		9FABE48D2D57E08400EF552D /* Resources */ = {
			isa = PBXResourcesBuildPhase;
			buildActionMask = 2147483647;
			files = (
			);
			runOnlyForDeploymentPostprocessing = 0;
		};
/* End PBXResourcesBuildPhase section */

/* Begin PBXSourcesBuildPhase section */
		9FABE4712D57E08100EF552D /* Sources */ = {
			isa = PBXSourcesBuildPhase;
			buildActionMask = 2147483647;
			files = (
			);
			runOnlyForDeploymentPostprocessing = 0;
		};
		9FABE4812D57E08400EF552D /* Sources */ = {
			isa = PBXSourcesBuildPhase;
			buildActionMask = 2147483647;
			files = (
			);
			runOnlyForDeploymentPostprocessing = 0;
		};
		9FABE48B2D57E08400EF552D /* Sources */ = {
			isa = PBXSourcesBuildPhase;
			buildActionMask = 2147483647;
			files = (
			);
			runOnlyForDeploymentPostprocessing = 0;
		};
/* End PBXSourcesBuildPhase section */

/* Begin PBXTargetDependency section */
		9FABE4872D57E08400EF552D /* PBXTargetDependency */ = {
			isa = PBXTargetDependency;
			target = 9FABE4742D57E08100EF552D /* PrimeFinderApp */;
			targetProxy = 9FABE4862D57E08400EF552D /* PBXContainerItemProxy */;
		};
		9FABE4912D57E08400EF552D /* PBXTargetDependency */ = {
			isa = PBXTargetDependency;
			target = 9FABE4742D57E08100EF552D /* PrimeFinderApp */;
			targetProxy = 9FABE4902D57E08400EF552D /* PBXContainerItemProxy */;
		};
/* End PBXTargetDependency section */

/* Begin XCBuildConfiguration section */
		9FABE4972D57E08400EF552D /* Debug */ = {
			isa = XCBuildConfiguration;
			buildSettings = {
				ALWAYS_SEARCH_USER_PATHS = NO;
				ASSETCATALOG_COMPILER_GENERATE_SWIFT_ASSET_SYMBOL_EXTENSIONS = YES;
				CLANG_ANALYZER_NONNULL = YES;
				CLANG_ANALYZER_NUMBER_OBJECT_CONVERSION = YES_AGGRESSIVE;
				CLANG_CXX_LANGUAGE_STANDARD = "gnu++20";
				CLANG_ENABLE_MODULES = YES;
				CLANG_ENABLE_OBJC_ARC = YES;
				CLANG_ENABLE_OBJC_WEAK = YES;
				CLANG_WARN_BLOCK_CAPTURE_AUTORELEASING = YES;
				CLANG_WARN_BOOL_CONVERSION = YES;
				CLANG_WARN_COMMA = YES;
				CLANG_WARN_CONSTANT_CONVERSION = YES;
				CLANG_WARN_DEPRECATED_OBJC_IMPLEMENTATIONS = YES;
				CLANG_WARN_DIRECT_OBJC_ISA_USAGE = YES_ERROR;
				CLANG_WARN_DOCUMENTATION_COMMENTS = YES;
				CLANG_WARN_EMPTY_BODY = YES;
				CLANG_WARN_ENUM_CONVERSION = YES;
				CLANG_WARN_INFINITE_RECURSION = YES;
				CLANG_WARN_INT_CONVERSION = YES;
				CLANG_WARN_NON_LITERAL_NULL_CONVERSION = YES;
				CLANG_WARN_OBJC_IMPLICIT_RETAIN_SELF = YES;
				CLANG_WARN_OBJC_LITERAL_CONVERSION = YES;
				CLANG_WARN_OBJC_ROOT_CLASS = YES_ERROR;
				CLANG_WARN_QUOTED_INCLUDE_IN_FRAMEWORK_HEADER = YES;
				CLANG_WARN_RANGE_LOOP_ANALYSIS = YES;
				CLANG_WARN_STRICT_PROTOTYPES = YES;
				CLANG_WARN_SUSPICIOUS_MOVE = YES;
				CLANG_WARN_UNGUARDED_AVAILABILITY = YES_AGGRESSIVE;
				CLANG_WARN_UNREACHABLE_CODE = YES;
				CLANG_WARN__DUPLICATE_METHOD_MATCH = YES;
				COPY_PHASE_STRIP = NO;
				DEBUG_INFORMATION_FORMAT = dwarf;
				ENABLE_STRICT_OBJC_MSGSEND = YES;
				ENABLE_TESTABILITY = YES;
				ENABLE_USER_SCRIPT_SANDBOXING = YES;
				GCC_C_LANGUAGE_STANDARD = gnu17;
				GCC_DYNAMIC_NO_PIC = NO;
				GCC_NO_COMMON_BLOCKS = YES;
				GCC_OPTIMIZATION_LEVEL = 0;
				GCC_PREPROCESSOR_DEFINITIONS = (
					"DEBUG=1",
					"$(inherited)",
				);
				GCC_WARN_64_TO_32_BIT_CONVERSION = YES;
				GCC_WARN_ABOUT_RETURN_TYPE = YES_ERROR;
				GCC_WARN_UNDECLARED_SELECTOR = YES;
				GCC_WARN_UNINITIALIZED_AUTOS = YES_AGGRESSIVE;
				GCC_WARN_UNUSED_FUNCTION = YES;
				GCC_WARN_UNUSED_VARIABLE = YES;
				IPHONEOS_DEPLOYMENT_TARGET = 26.0;
				LOCALIZATION_PREFERS_STRING_CATALOGS = YES;
				MTL_ENABLE_DEBUG_INFO = INCLUDE_SOURCE;
				MTL_FAST_MATH = YES;
				ONLY_ACTIVE_ARCH = YES;
				SDKROOT = iphoneos;
				SWIFT_ACTIVE_COMPILATION_CONDITIONS = "DEBUG $(inherited)";
				SWIFT_OPTIMIZATION_LEVEL = "-Onone";
			};
			name = Debug;
		};
		9FABE4982D57E08400EF552D /* Release */ = {
			isa = XCBuildConfiguration;
			buildSettings = {
				ALWAYS_SEARCH_USER_PATHS = NO;
				ASSETCATALOG_COMPILER_GENERATE_SWIFT_ASSET_SYMBOL_EXTENSIONS = YES;
				CLANG_ANALYZER_NONNULL = YES;
				CLANG_ANALYZER_NUMBER_OBJECT_CONVERSION = YES_AGGRESSIVE;
				CLANG_CXX_LANGUAGE_STANDARD = "gnu++20";
				CLANG_ENABLE_MODULES = YES;
				CLANG_ENABLE_OBJC_ARC = YES;
				CLANG_ENABLE_OBJC_WEAK = YES;
				CLANG_WARN_BLOCK_CAPTURE_AUTORELEASING = YES;
				CLANG_WARN_BOOL_CONVERSION = YES;
				CLANG_WARN_COMMA = YES;
				CLANG_WARN_CONSTANT_CONVERSION = YES;
				CLANG_WARN_DEPRECATED_OBJC_IMPLEMENTATIONS = YES;
				CLANG_WARN_DIRECT_OBJC_ISA_USAGE = YES_ERROR;
				CLANG_WARN_DOCUMENTATION_COMMENTS = YES;
				CLANG_WARN_EMPTY_BODY = YES;
				CLANG_WARN_ENUM_CONVERSION = YES;
				CLANG_WARN_INFINITE_RECURSION = YES;
				CLANG_WARN_INT_CONVERSION = YES;
				CLANG_WARN_NON_LITERAL_NULL_CONVERSION = YES;
				CLANG_WARN_OBJC_IMPLICIT_RETAIN_SELF = YES;
				CLANG_WARN_OBJC_LITERAL_CONVERSION = YES;
				CLANG_WARN_OBJC_ROOT_CLASS = YES_ERROR;
				CLANG_WARN_QUOTED_INCLUDE_IN_FRAMEWORK_HEADER = YES;
				CLANG_WARN_RANGE_LOOP_ANALYSIS = YES;
				CLANG_WARN_STRICT_PROTOTYPES = YES;
				CLANG_WARN_SUSPICIOUS_MOVE = YES;
				CLANG_WARN_UNGUARDED_AVAILABILITY = YES_AGGRESSIVE;
				CLANG_WARN_UNREACHABLE_CODE = YES;
				CLANG_WARN__DUPLICATE_METHOD_MATCH = YES;
				COPY_PHASE_STRIP = NO;
				DEBUG_INFORMATION_FORMAT = "dwarf-with-dsym";
				ENABLE_NS_ASSERTIONS = NO;
				ENABLE_STRICT_OBJC_MSGSEND = YES;
				ENABLE_USER_SCRIPT_SANDBOXING = YES;
				GCC_C_LANGUAGE_STANDARD = gnu17;
				GCC_NO_COMMON_BLOCKS = YES;
				GCC_WARN_64_TO_32_BIT_CONVERSION = YES;
				GCC_WARN_ABOUT_RETURN_TYPE = YES_ERROR;
				GCC_WARN_UNDECLARED_SELECTOR = YES;
				GCC_WARN_UNINITIALIZED_AUTOS = YES_AGGRESSIVE;
				GCC_WARN_UNUSED_FUNCTION = YES;
				GCC_WARN_UNUSED_VARIABLE = YES;
				IPHONEOS_DEPLOYMENT_TARGET = 26.0;
				LOCALIZATION_PREFERS_STRING_CATALOGS = YES;
				MTL_ENABLE_DEBUG_INFO = NO;
				MTL_FAST_MATH = YES;
				SDKROOT = iphoneos;
				SWIFT_COMPILATION_MODE = wholemodule;
				VALIDATE_PRODUCT = YES;
			};
			name = Release;
		};
		9FABE49A2D57E08400EF552D /* Debug */ = {
			isa = XCBuildConfiguration;
			buildSettings = {
				ASSETCATALOG_COMPILER_APPICON_NAME = AppIcon;
				ASSETCATALOG_COMPILER_GLOBAL_ACCENT_COLOR_NAME = AccentColor;
				CODE_SIGN_IDENTITY = "Apple Development";
				CODE_SIGN_STYLE = Automatic;
				CURRENT_PROJECT_VERSION = 18;
				DEVELOPMENT_ASSET_PATHS = "\"PrimeFinderApp/Preview Content\"";
				DEVELOPMENT_TEAM = ER34UHDWG6;
				ENABLE_PREVIEWS = YES;
				GENERATE_INFOPLIST_FILE = YES;
				"INFOPLIST_FILE[sdk=*]" = PrimeFinderApp/Info.plist;
				INFOPLIST_KEY_CFBundleDisplayName = "Prime Finder";
				INFOPLIST_KEY_LSApplicationCategoryType = "public.app-category.education";
				INFOPLIST_KEY_UIApplicationSupportsIndirectInputEvents = YES;
				INFOPLIST_KEY_UIRequiredDeviceCapabilities = armv7;
				INFOPLIST_KEY_UISupportedInterfaceOrientations = UIInterfaceOrientationPortrait;
				INFOPLIST_KEY_UISupportedInterfaceOrientations_iPad = "UIInterfaceOrientationPortrait UIInterfaceOrientationPortraitUpsideDown";
				INFOPLIST_KEY_UISupportedInterfaceOrientations_iPhone = UIInterfaceOrientationPortrait;
				IPHONEOS_DEPLOYMENT_TARGET = 26.0;
				LD_RUNPATH_SEARCH_PATHS = (
					"$(inherited)",
					"@executable_path/Frameworks",
				);
				MARKETING_VERSION = 1.3.0;
				PRODUCT_BUNDLE_IDENTIFIER = com.route12b.PrimeFinderApp;
				PRODUCT_NAME = "$(TARGET_NAME)";
				PROVISIONING_PROFILE_SPECIFIER = "";
				SWIFT_EMIT_LOC_STRINGS = YES;
				SWIFT_VERSION = 5.0;
				TARGETED_DEVICE_FAMILY = "1,2";
			};
			name = Debug;
		};
		9FABE49B2D57E08400EF552D /* Release */ = {
			isa = XCBuildConfiguration;
			buildSettings = {
				ASSETCATALOG_COMPILER_APPICON_NAME = AppIcon;
				ASSETCATALOG_COMPILER_GLOBAL_ACCENT_COLOR_NAME = AccentColor;
				CODE_SIGN_IDENTITY = "Apple Development";
				CODE_SIGN_STYLE = Automatic;
				CURRENT_PROJECT_VERSION = 18;
				DEVELOPMENT_ASSET_PATHS = "\"PrimeFinderApp/Preview Content\"";
				DEVELOPMENT_TEAM = ER34UHDWG6;
				ENABLE_PREVIEWS = YES;
				GENERATE_INFOPLIST_FILE = YES;
				"INFOPLIST_FILE[sdk=*]" = PrimeFinderApp/Info.plist;
				INFOPLIST_KEY_CFBundleDisplayName = "Prime Finder";
				INFOPLIST_KEY_LSApplicationCategoryType = "public.app-category.education";
				INFOPLIST_KEY_UIApplicationSupportsIndirectInputEvents = YES;
				INFOPLIST_KEY_UIRequiredDeviceCapabilities = armv7;
				INFOPLIST_KEY_UISupportedInterfaceOrientations = UIInterfaceOrientationPortrait;
				INFOPLIST_KEY_UISupportedInterfaceOrientations_iPad = "UIInterfaceOrientationPortrait UIInterfaceOrientationPortraitUpsideDown";
				INFOPLIST_KEY_UISupportedInterfaceOrientations_iPhone = UIInterfaceOrientationPortrait;
				IPHONEOS_DEPLOYMENT_TARGET = 26.0;
				LD_RUNPATH_SEARCH_PATHS = (
					"$(inherited)",
					"@executable_path/Frameworks",
				);
				MARKETING_VERSION = 1.3.0;
				PRODUCT_BUNDLE_IDENTIFIER = com.route12b.PrimeFinderApp;
				PRODUCT_NAME = "$(TARGET_NAME)";
				PROVISIONING_PROFILE_SPECIFIER = "";
				SWIFT_EMIT_LOC_STRINGS = YES;
				SWIFT_VERSION = 5.0;
				TARGETED_DEVICE_FAMILY = "1,2";
			};
			name = Release;
		};
		9FABE49D2D57E08400EF552D /* Debug */ = {
			isa = XCBuildConfiguration;
			buildSettings = {
				BUNDLE_LOADER = "$(TEST_HOST)";
				CODE_SIGN_STYLE = Automatic;
				CURRENT_PROJECT_VERSION = 1;
				GENERATE_INFOPLIST_FILE = YES;
				IPHONEOS_DEPLOYMENT_TARGET = 26.0;
				MARKETING_VERSION = 1.0;
				PRODUCT_BUNDLE_IDENTIFIER = com.ahlee.PrimeFinderAppTests;
				PRODUCT_NAME = "$(TARGET_NAME)";
				SWIFT_EMIT_LOC_STRINGS = NO;
				SWIFT_VERSION = 5.0;
				TARGETED_DEVICE_FAMILY = "1,2";
				TEST_HOST = "$(BUILT_PRODUCTS_DIR)/PrimeFinderApp.app/$(BUNDLE_EXECUTABLE_FOLDER_PATH)/PrimeFinderApp";
			};
			name = Debug;
		};
		9FABE49E2D57E08400EF552D /* Release */ = {
			isa = XCBuildConfiguration;
			buildSettings = {
				BUNDLE_LOADER = "$(TEST_HOST)";
				CODE_SIGN_STYLE = Automatic;
				CURRENT_PROJECT_VERSION = 1;
				GENERATE_INFOPLIST_FILE = YES;
				IPHONEOS_DEPLOYMENT_TARGET = 26.0;
				MARKETING_VERSION = 1.0;
				PRODUCT_BUNDLE_IDENTIFIER = com.ahlee.PrimeFinderAppTests;
				PRODUCT_NAME = "$(TARGET_NAME)";
				SWIFT_EMIT_LOC_STRINGS = NO;
				SWIFT_VERSION = 5.0;
				TARGETED_DEVICE_FAMILY = "1,2";
				TEST_HOST = "$(BUILT_PRODUCTS_DIR)/PrimeFinderApp.app/$(BUNDLE_EXECUTABLE_FOLDER_PATH)/PrimeFinderApp";
			};
			name = Release;
		};
		9FABE4A02D57E08400EF552D /* Debug */ = {
			isa = XCBuildConfiguration;
			buildSettings = {
				CODE_SIGN_STYLE = Automatic;
				CURRENT_PROJECT_VERSION = 1;
				GENERATE_INFOPLIST_FILE = YES;
				MARKETING_VERSION = 1.0;
				PRODUCT_BUNDLE_IDENTIFIER = com.ahlee.PrimeFinderAppUITests;
				PRODUCT_NAME = "$(TARGET_NAME)";
				SWIFT_EMIT_LOC_STRINGS = NO;
				SWIFT_VERSION = 5.0;
				TARGETED_DEVICE_FAMILY = "1,2";
				TEST_TARGET_NAME = PrimeFinderApp;
			};
			name = Debug;
		};
		9FABE4A12D57E08400EF552D /* Release */ = {
			isa = XCBuildConfiguration;
			buildSettings = {
				CODE_SIGN_STYLE = Automatic;
				CURRENT_PROJECT_VERSION = 1;
				GENERATE_INFOPLIST_FILE = YES;
				MARKETING_VERSION = 1.0;
				PRODUCT_BUNDLE_IDENTIFIER = com.ahlee.PrimeFinderAppUITests;
				PRODUCT_NAME = "$(TARGET_NAME)";
				SWIFT_EMIT_LOC_STRINGS = NO;
				SWIFT_VERSION = 5.0;
				TARGETED_DEVICE_FAMILY = "1,2";
				TEST_TARGET_NAME = PrimeFinderApp;
			};
			name = Release;
		};
/* End XCBuildConfiguration section */

/* Begin XCConfigurationList section */
		9FABE4702D57E08100EF552D /* Build configuration list for PBXProject "PrimeFinderApp" */ = {
			isa = XCConfigurationList;
			buildConfigurations = (
				9FABE4972D57E08400EF552D /* Debug */,
				9FABE4982D57E08400EF552D /* Release */,
			);
			defaultConfigurationIsVisible = 0;
			defaultConfigurationName = Release;
		};
		9FABE4992D57E08400EF552D /* Build configuration list for PBXNativeTarget "PrimeFinderApp" */ = {
			isa = XCConfigurationList;
			buildConfigurations = (
				9FABE49A2D57E08400EF552D /* Debug */,
				9FABE49B2D57E08400EF552D /* Release */,
			);
			defaultConfigurationIsVisible = 0;
			defaultConfigurationName = Release;
		};
		9FABE49C2D57E08400EF552D /* Build configuration list for PBXNativeTarget "PrimeFinderAppTests" */ = {
			isa = XCConfigurationList;
			buildConfigurations = (
				9FABE49D2D57E08400EF552D /* Debug */,
				9FABE49E2D57E08400EF552D /* Release */,
			);
			defaultConfigurationIsVisible = 0;
			defaultConfigurationName = Release;
		};
		9FABE49F2D57E08400EF552D /* Build configuration list for PBXNativeTarget "PrimeFinderAppUITests" */ = {
			isa = XCConfigurationList;
			buildConfigurations = (
				9FABE4A02D57E08400EF552D /* Debug */,
				9FABE4A12D57E08400EF552D /* Release */,
			);
			defaultConfigurationIsVisible = 0;
			defaultConfigurationName = Release;
		};
/* End XCConfigurationList section */
	};
	rootObject = 9FABE46D2D57E08100EF552D /* Project object */;
}
